
Microsoft Visual Studio Solution File, Format Version 12.00
# Visual Studio Version 16
VisualStudioVersion = 16.0.30907.101
MinimumVisualStudioVersion = 10.0.40219.1
Project("{FAE04EC0-301F-11D3-BF4B-00C04F79EFBC}") = "ThereDigitNumberDisection", "ThereDigitNumberDisection.csproj", "{151F1303-BA8E-4EF1-827F-632A70A04F6A}"
EndProject
Global
	GlobalSection(SolutionConfigurationPlatforms) = preSolution
		Debug|Any CPU = Debug|Any CPU
		Release|Any CPU = Release|Any CPU
	EndGlobalSection
	GlobalSection(ProjectConfigurationPlatforms) = postSolution
		{151F1303-BA8E-4EF1-827F-632A70A04F6A}.Debug|Any CPU.ActiveCfg = Debug|Any CPU
		{151F1303-BA8E-4EF1-827F-632A70A04F6A}.Debug|Any CPU.Build.0 = Debug|Any CPU
		{151F1303-BA8E-4EF1-827F-632A70A04F6A}.Release|Any CPU.ActiveCfg = Release|Any CPU
		{151F1303-BA8E-4EF1-827F-632A70A04F6A}.Release|Any CPU.Build.0 = Release|Any CPU
	EndGlobalSection
	GlobalSection(SolutionProperties) = preSolution
		HideSolutionNode = FALSE
	EndGlobalSection
	GlobalSection(ExtensibilityGlobals) = postSolution
		SolutionGuid = {8F05105F-6D48-4178-BCF7-2BFDA1E63CDE}
	EndGlobalSection
EndGlobal
